PODS:
  - Alamofire (5.0.0-beta.6)
  - AlamofireObjectMapper (6.1.0):
    - Alamofire (= 5.0.0-beta.6)
    - ObjectMapper (~> 3.4)
  - ObjectMapper (3.5.3)
  - ReachabilitySwift (5.0.0)
  - RxSwift (6.5.0)

DEPENDENCIES:
  - Alamofire (= 5.0.0-beta.6)
  - AlamofireObjectMapper
  - ObjectMapper (~> 3.5.1)
  - ReachabilitySwift
  - RxSwift (~> 6.5)

SPEC REPOS:
  trunk:
    - Alamofire
    - AlamofireObjectMapper
    - ObjectMapper
    - ReachabilitySwift
    - RxSwift

SPEC CHECKSUMS:
  Alamofire: cd08a4402bd12cacd0c66f23fb12fec8d6b965e4
  AlamofireObjectMapper: cd819bed60ad326e8920a6c524c19744e15bb237
  ObjectMapper: 97111c97e054a6ee25917662106689f0b4127b37
  ReachabilitySwift: 985039c6f7b23a1da463388634119492ff86c825
  RxSwift: 5710a9e6b17f3c3d6e40d6e559b9fa1e813b2ef8

PODFILE CHECKSUM: 30e5b3109bc071cf18cb4e28927ba1fd3ddf8469

COCOAPODS: 1.10.2
